
Microsoft Visual Studio Solution File, Format Version 12.00
# Visual Studio 15
VisualStudioVersion = 15.0.28307.136
MinimumVisualStudioVersion = 10.0.40219.1
Project("{888888A0-9F3D-457C-B088-3A5042F75D52}") = "head_based_pointer", "head_based_pointer\head_based_pointer.pyproj", "{DD75A739-9A32-4C94-9024-A915CD224892}"
EndProject
Project("{2150E333-8FDC-42A3-9474-1A3956D46DE8}") = "Note_Files", "Note_Files", "{A0DAE23D-632C-47A5-98DE-2F872E08092C}"
	ProjectSection(SolutionItems) = preProject
		Note_Files\commands.txt = Note_Files\commands.txt
	EndProjectSection
EndProject
Global
	GlobalSection(SolutionConfigurationPlatforms) = preSolution
		Debug|Any CPU = Debug|Any CPU
		Release|Any CPU = Release|Any CPU
	EndGlobalSection
	GlobalSection(ProjectConfigurationPlatforms) = postSolution
		{DD75A739-9A32-4C94-9024-A915CD224892}.Debug|Any CPU.ActiveCfg = Debug|Any CPU
		{DD75A739-9A32-4C94-9024-A915CD224892}.Release|Any CPU.ActiveCfg = Release|Any CPU
	EndGlobalSection
	GlobalSection(SolutionProperties) = preSolution
		HideSolutionNode = FALSE
	EndGlobalSection
	GlobalSection(ExtensibilityGlobals) = postSolution
		SolutionGuid = {50D2F82F-9A41-4D2E-8BD5-E972BFD7B752}
	EndGlobalSection
EndGlobal
